Microsoft Visual Studio Solution File, Format Version 11.00
# Visual Studio 2010
Project("{FAE04EC0-301F-11D3-BF4B-00C04F79EFBC}") = "SteamVR", "SteamVR.csproj", "{AC3B1CAE-F685-B142-9AB4-2BBE8E1032C8}"
EndProject
Project("{FAE04EC0-301F-11D3-BF4B-00C04F79EFBC}") = "Assembly-CSharp", "Assembly-CSharp.csproj", "{0BD3713E-24D1-3AB2-2D39-B74D920C8EED}"
EndProject
Project("{FAE04EC0-301F-11D3-BF4B-00C04F79EFBC}") = "SteamVR_Actions", "SteamVR_Actions.csproj", "{80A836AD-2A8E-28C7-573C-76DEA834BECD}"
EndProject
Project("{FAE04EC0-301F-11D3-BF4B-00C04F79EFBC}") = "SteamVR_Editor", "SteamVR_Editor.csproj", "{CE5F9E21-9140-8A4D-D4F7-9010F4A24426}"
EndProject
Project("{FAE04EC0-301F-11D3-BF4B-00C04F79EFBC}") = "SteamVR_Input_Editor", "SteamVR_Input_Editor.csproj", "{5E122FF8-152E-15D6-938A-F3471EFFEFE4}"
EndProject
Project("{FAE04EC0-301F-11D3-BF4B-00C04F79EFBC}") = "SteamVR_Windows_EditorHelper", "SteamVR_Windows_EditorHelper.csproj", "{1B965DDE-259B-0BE1-352B-66FB65003F41}"
EndProject
Global
	GlobalSection(SolutionConfigurationPlatforms) = preSolution
		Debug|Any CPU = Debug|Any CPU
		Release|Any CPU = Release|Any CPU
	EndGlobalSection
	GlobalSection(ProjectConfigurationPlatforms) = postSolution
		{AC3B1CAE-F685-B142-9AB4-2BBE8E1032C8}.Debug|Any CPU.ActiveCfg = Debug|Any CPU
		{AC3B1CAE-F685-B142-9AB4-2BBE8E1032C8}.Debug|Any CPU.Build.0 = Debug|Any CPU
		{AC3B1CAE-F685-B142-9AB4-2BBE8E1032C8}.Release|Any CPU.ActiveCfg = Release|Any CPU
		{AC3B1CAE-F685-B142-9AB4-2BBE8E1032C8}.Release|Any CPU.Build.0 = Release|Any CPU
		{0BD3713E-24D1-3AB2-2D39-B74D920C8EED}.Debug|Any CPU.ActiveCfg = Debug|Any CPU
		{0BD3713E-24D1-3AB2-2D39-B74D920C8EED}.Debug|Any CPU.Build.0 = Debug|Any CPU
		{0BD3713E-24D1-3AB2-2D39-B74D920C8EED}.Release|Any CPU.ActiveCfg = Release|Any CPU
		{0BD3713E-24D1-3AB2-2D39-B74D920C8EED}.Release|Any CPU.Build.0 = Release|Any CPU
		{80A836AD-2A8E-28C7-573C-76DEA834BECD}.Debug|Any CPU.ActiveCfg = Debug|Any CPU
		{80A836AD-2A8E-28C7-573C-76DEA834BECD}.Debug|Any CPU.Build.0 = Debug|Any CPU
		{80A836AD-2A8E-28C7-573C-76DEA834BECD}.Release|Any CPU.ActiveCfg = Release|Any CPU
		{80A836AD-2A8E-28C7-573C-76DEA834BECD}.Release|Any CPU.Build.0 = Release|Any CPU
		{CE5F9E21-9140-8A4D-D4F7-9010F4A24426}.Debug|Any CPU.ActiveCfg = Debug|Any CPU
		{CE5F9E21-9140-8A4D-D4F7-9010F4A24426}.Debug|Any CPU.Build.0 = Debug|Any CPU
		{CE5F9E21-9140-8A4D-D4F7-9010F4A24426}.Release|Any CPU.ActiveCfg = Release|Any CPU
		{CE5F9E21-9140-8A4D-D4F7-9010F4A24426}.Release|Any CPU.Build.0 = Release|Any CPU
		{5E122FF8-152E-15D6-938A-F3471EFFEFE4}.Debug|Any CPU.ActiveCfg = Debug|Any CPU
		{5E122FF8-152E-15D6-938A-F3471EFFEFE4}.Debug|Any CPU.Build.0 = Debug|Any CPU
		{5E122FF8-152E-15D6-938A-F3471EFFEFE4}.Release|Any CPU.ActiveCfg = Release|Any CPU
		{5E122FF8-152E-15D6-938A-F3471EFFEFE4}.Release|Any CPU.Build.0 = Release|Any CPU
		{1B965DDE-259B-0BE1-352B-66FB65003F41}.Debug|Any CPU.ActiveCfg = Debug|Any CPU
		{1B965DDE-259B-0BE1-352B-66FB65003F41}.Debug|Any CPU.Build.0 = Debug|Any CPU
		{1B965DDE-259B-0BE1-352B-66FB65003F41}.Release|Any CPU.ActiveCfg = Release|Any CPU
		{1B965DDE-259B-0BE1-352B-66FB65003F41}.Release|Any CPU.Build.0 = Release|Any CPU
	EndGlobalSection
	GlobalSection(SolutionProperties) = preSolution
		HideSolutionNode = FALSE
	EndGlobalSection
	GlobalSection(MonoDevelopProperties) = preSolution
		StartupItem = Assembly-CSharp.csproj
	EndGlobalSection
EndGlobal
